
Microsoft Visual Studio Solution File, Format Version 12.00
# Visual Studio 2012
Project("{FAE04EC0-301F-11D3-BF4B-00C04F79EFBC}") = "EnjoyedBy", "EnjoyedBy.csproj", "{6B3585B8-178B-4CC1-AD7D-3C53B9BCE198}"
EndProject
Global
	GlobalSection(SolutionConfigurationPlatforms) = preSolution
		Debug|Any CPU = Debug|Any CPU
		Release|Any CPU = Release|Any CPU
	EndGlobalSection
	GlobalSection(ProjectConfigurationPlatforms) = postSolution
		{6B3585B8-178B-4CC1-AD7D-3C53B9BCE198}.Debug|Any CPU.ActiveCfg = Debug|Any CPU
		{6B3585B8-178B-4CC1-AD7D-3C53B9BCE198}.Debug|Any CPU.Build.0 = Debug|Any CPU
		{6B3585B8-178B-4CC1-AD7D-3C53B9BCE198}.Release|Any CPU.ActiveCfg = Release|Any CPU
		{6B3585B8-178B-4CC1-AD7D-3C53B9BCE198}.Release|Any CPU.Build.0 = Release|Any CPU
	EndGlobalSection
	GlobalSection(SolutionProperties) = preSolution
		HideSolutionNode = FALSE
	EndGlobalSection
EndGlobal
